
Microsoft Visual Studio Solution File, Format Version 12.00
# Visual Studio Version 16
VisualStudioVersion = 16.0.29926.136
MinimumVisualStudioVersion = 10.0.40219.1
Project("{FAE04EC0-301F-11D3-BF4B-00C04F79EFBC}") = "KeyboardEditor", "KeyboardEditor.csproj", "{51C1AB2D-6664-4C35-8F99-3AF210F30D3D}"
EndProject
Global
	GlobalSection(SolutionConfigurationPlatforms) = preSolution
		Debug|Any CPU = Debug|Any CPU
		Release|Any CPU = Release|Any CPU
	EndGlobalSection
	GlobalSection(ProjectConfigurationPlatforms) = postSolution
		{51C1AB2D-6664-4C35-8F99-3AF210F30D3D}.Debug|Any CPU.ActiveCfg = Debug|Any CPU
		{51C1AB2D-6664-4C35-8F99-3AF210F30D3D}.Debug|Any CPU.Build.0 = Debug|Any CPU
		{51C1AB2D-6664-4C35-8F99-3AF210F30D3D}.Release|Any CPU.ActiveCfg = Release|Any CPU
		{51C1AB2D-6664-4C35-8F99-3AF210F30D3D}.Release|Any CPU.Build.0 = Release|Any CPU
	EndGlobalSection
	GlobalSection(SolutionProperties) = preSolution
		HideSolutionNode = FALSE
	EndGlobalSection
	GlobalSection(ExtensibilityGlobals) = postSolution
		SolutionGuid = {F5880AAE-4995-4804-8969-A982F7AAF50A}
	EndGlobalSection
EndGlobal
